
Microsoft Visual Studio Solution File, Format Version 12.00
# Visual Studio 15
VisualStudioVersion = 15.0.27703.2042
MinimumVisualStudioVersion = 10.0.40219.1
Project("{FAE04EC0-301F-11D3-BF4B-00C04F79EFBC}") = "ConsoleApp1", "ConsoleApp1\ConsoleApp1.csproj", "{C408F0E2-7D98-477D-8EF6-AC2DBC31365F}"
EndProject
Project("{FAE04EC0-301F-11D3-BF4B-00C04F79EFBC}") = "WindowsFormsApp1", "WindowsFormsApp1\WindowsFormsApp1.csproj", "{FAF0E631-AC05-4FFF-8B5F-AED5BA12ADB1}"
EndProject
Global
	GlobalSection(SolutionConfigurationPlatforms) = preSolution
		Debug|Any CPU = Debug|Any CPU
		Release|Any CPU = Release|Any CPU
	EndGlobalSection
	GlobalSection(ProjectConfigurationPlatforms) = postSolution
		{C408F0E2-7D98-477D-8EF6-AC2DBC31365F}.Debug|Any CPU.ActiveCfg = Debug|Any CPU
		{C408F0E2-7D98-477D-8EF6-AC2DBC31365F}.Debug|Any CPU.Build.0 = Debug|Any CPU
		{C408F0E2-7D98-477D-8EF6-AC2DBC31365F}.Release|Any CPU.ActiveCfg = Release|Any CPU
		{C408F0E2-7D98-477D-8EF6-AC2DBC31365F}.Release|Any CPU.Build.0 = Release|Any CPU
		{FAF0E631-AC05-4FFF-8B5F-AED5BA12ADB1}.Debug|Any CPU.ActiveCfg = Debug|Any CPU
		{FAF0E631-AC05-4FFF-8B5F-AED5BA12ADB1}.Debug|Any CPU.Build.0 = Debug|Any CPU
		{FAF0E631-AC05-4FFF-8B5F-AED5BA12ADB1}.Release|Any CPU.ActiveCfg = Release|Any CPU
		{FAF0E631-AC05-4FFF-8B5F-AED5BA12ADB1}.Release|Any CPU.Build.0 = Release|Any CPU
	EndGlobalSection
	GlobalSection(SolutionProperties) = preSolution
		HideSolutionNode = FALSE
	EndGlobalSection
	GlobalSection(ExtensibilityGlobals) = postSolution
		SolutionGuid = {2DC4EEBB-90B3-4BFD-A001-FD7F1147FCA6}
	EndGlobalSection
EndGlobal
